
Microsoft Visual Studio Solution File, Format Version 12.00
# Visual Studio Version 16
VisualStudioVersion = 16.0.29424.173
MinimumVisualStudioVersion = 10.0.40219.1
Project("{FAE04EC0-301F-11D3-BF4B-00C04F79EFBC}") = "Picadely.UI", "Picadely.UI\Picadely.UI.csproj", "{9FA93EDB-71ED-4B9F-A0B4-1D2B00F293E6}"
EndProject
Global
	GlobalSection(SolutionConfigurationPlatforms) = preSolution
		Debug|Any CPU = Debug|Any CPU
		Release|Any CPU = Release|Any CPU
	EndGlobalSection
	GlobalSection(ProjectConfigurationPlatforms) = postSolution
		{9FA93EDB-71ED-4B9F-A0B4-1D2B00F293E6}.Debug|Any CPU.ActiveCfg = Debug|Any CPU
		{9FA93EDB-71ED-4B9F-A0B4-1D2B00F293E6}.Debug|Any CPU.Build.0 = Debug|Any CPU
		{9FA93EDB-71ED-4B9F-A0B4-1D2B00F293E6}.Release|Any CPU.ActiveCfg = Release|Any CPU
		{9FA93EDB-71ED-4B9F-A0B4-1D2B00F293E6}.Release|Any CPU.Build.0 = Release|Any CPU
	EndGlobalSection
	GlobalSection(SolutionProperties) = preSolution
		HideSolutionNode = FALSE
	EndGlobalSection
	GlobalSection(ExtensibilityGlobals) = postSolution
		SolutionGuid = {52619037-DF4B-467F-B57D-2AB90C729400}
	EndGlobalSection
EndGlobal
